{
  "name": "@leonardoraele/result",
  "version": "0.1.0",
  "lockfileVersion": 3,
  "requires": true,
  "packages": {
    "": {
      "name": "@leonardoraele/result",
      "version": "0.1.0",
      "license": "MIT",
      "dependencies": {
        "@leonardoraele/err": "^0.1.1"
      }
    },
    "node_modules/@leonardoraele/err": {
      "version": "0.1.1",
      "resolved": "https://registry.npmjs.org/@leonardoraele/err/-/err-0.1.1.tgz",
      "integrity": "sha512-22A9xqGlgl31uZ9loTAibiknPuvmS/91WH7INcmEj9nP2Ip7l8ZjPuKL8EpgcBhLrwTdrSQvMLN/moMiah4l5A==",
      "license": "MIT"
    }
  }
}
